# THIS IS AN AUTOGENERATED FILE. DO NOT EDIT THIS FILE DIRECTLY.
# yarn lockfile v1


"@types/chance@^1.1.5":
  version "1.1.5"
  resolved "https://registry.yarnpkg.com/@types/chance/-/chance-1.1.5.tgz#c851fce6e7ed118b71322ad4efd90f5c5147b0af"
  integrity sha512-aeEqLplovJlvHzbb9pFJw/pe7iGjPnhDFQmQ4MOoShCm3N09rCpU++A0WPCSavcMXAzc91ofRy3vXbIqLzn1aw==

bun-types@latest:
  version "1.0.9"
  resolved "https://registry.yarnpkg.com/bun-types/-/bun-types-1.0.9.tgz#b0c1450594910a08ef309bfa080bcf3966b1f476"
  integrity sha512-9zWU5b/D41v4h5YgQxMW7aUvwYqMhU7WRjhPMN73XE6MNl5mvZ5vgAEWV8Lisdd4JgDSdWk2t9oY6kYqeDhQSA==

chance@^1.1.11:
  version "1.1.11"
  resolved "https://registry.yarnpkg.com/chance/-/chance-1.1.11.tgz#78e10e1f9220a5bbc60a83e3f28a5d8558d84d1b"
  integrity sha512-kqTg3WWywappJPqtgrdvbA380VoXO2eu9VCV895JgbyHsaErXdyHK9LOZ911OvAk6L0obK7kDk9CGs8+oBawVA==
